
Microsoft Visual Studio Solution File, Format Version 12.00
# Visual Studio Version 16
VisualStudioVersion = 16.0.29519.87
MinimumVisualStudioVersion = 10.0.40219.1
Project("{FAE04EC0-301F-11D3-BF4B-00C04F79EFBC}") = "ASP.NetCoreMvcinteraction", "ASP.NetCoreMvcinteraction\ASP.NetCoreMvcinteraction.csproj", "{068A5F70-D459-4C3E-8B61-59E7AFC0811C}"
EndProject
Project("{FAE04EC0-301F-11D3-BF4B-00C04F79EFBC}") = "ASP.NetCoreMvcinteractionTests", "ASP.NetCoreMvcinteractionTests\ASP.NetCoreMvcinteractionTests.csproj", "{BF140633-87CA-4E59-B719-510866639D42}"
EndProject
Global
	GlobalSection(SolutionConfigurationPlatforms) = preSolution
		Debug|Any CPU = Debug|Any CPU
		Release|Any CPU = Release|Any CPU
	EndGlobalSection
	GlobalSection(ProjectConfigurationPlatforms) = postSolution
		{068A5F70-D459-4C3E-8B61-59E7AFC0811C}.Debug|Any CPU.ActiveCfg = Debug|Any CPU
		{068A5F70-D459-4C3E-8B61-59E7AFC0811C}.Debug|Any CPU.Build.0 = Debug|Any CPU
		{068A5F70-D459-4C3E-8B61-59E7AFC0811C}.Release|Any CPU.ActiveCfg = Release|Any CPU
		{068A5F70-D459-4C3E-8B61-59E7AFC0811C}.Release|Any CPU.Build.0 = Release|Any CPU
		{BF140633-87CA-4E59-B719-510866639D42}.Debug|Any CPU.ActiveCfg = Debug|Any CPU
		{BF140633-87CA-4E59-B719-510866639D42}.Debug|Any CPU.Build.0 = Debug|Any CPU
		{BF140633-87CA-4E59-B719-510866639D42}.Release|Any CPU.ActiveCfg = Release|Any CPU
		{BF140633-87CA-4E59-B719-510866639D42}.Release|Any CPU.Build.0 = Release|Any CPU
	EndGlobalSection
	GlobalSection(SolutionProperties) = preSolution
		HideSolutionNode = FALSE
	EndGlobalSection
	GlobalSection(ExtensibilityGlobals) = postSolution
		SolutionGuid = {D4E66B2C-9DDD-4CB6-B6CE-BAD8D62D4CCF}
	EndGlobalSection
EndGlobal
